
Microsoft Visual Studio Solution File, Format Version 12.00
# Visual Studio 15
VisualStudioVersion = 15.0.28307.902
MinimumVisualStudioVersion = 10.0.40219.1
Project("{FAE04EC0-301F-11D3-BF4B-00C04F79EFBC}") = "genericPagingSortingClean", "genericPagingSortingClean\genericPagingSortingClean.csproj", "{C708C946-C505-4B9E-BE98-4FF694939384}"
EndProject
Global
	GlobalSection(SolutionConfigurationPlatforms) = preSolution
		Debug|Any CPU = Debug|Any CPU
		Release|Any CPU = Release|Any CPU
	EndGlobalSection
	GlobalSection(ProjectConfigurationPlatforms) = postSolution
		{C708C946-C505-4B9E-BE98-4FF694939384}.Debug|Any CPU.ActiveCfg = Debug|Any CPU
		{C708C946-C505-4B9E-BE98-4FF694939384}.Debug|Any CPU.Build.0 = Debug|Any CPU
		{C708C946-C505-4B9E-BE98-4FF694939384}.Release|Any CPU.ActiveCfg = Release|Any CPU
		{C708C946-C505-4B9E-BE98-4FF694939384}.Release|Any CPU.Build.0 = Release|Any CPU
	EndGlobalSection
	GlobalSection(SolutionProperties) = preSolution
		HideSolutionNode = FALSE
	EndGlobalSection
	GlobalSection(ExtensibilityGlobals) = postSolution
		SolutionGuid = {A2EF9AE6-1BF3-4273-8084-9B9B9E093659}
	EndGlobalSection
EndGlobal
